
Microsoft Visual Studio Solution File, Format Version 12.00
# Visual Studio Version 16
VisualStudioVersion = 16.0.29613.14
MinimumVisualStudioVersion = 10.0.40219.1
Project("{FAE04EC0-301F-11D3-BF4B-00C04F79EFBC}") = "Lebra", "Lebra.csproj", "{156D7B09-112D-4CE5-B747-729374CDF29B}"
EndProject
Global
	GlobalSection(SolutionConfigurationPlatforms) = preSolution
		Debug|Any CPU = Debug|Any CPU
		Release|Any CPU = Release|Any CPU
	EndGlobalSection
	GlobalSection(ProjectConfigurationPlatforms) = postSolution
		{156D7B09-112D-4CE5-B747-729374CDF29B}.Debug|Any CPU.ActiveCfg = Debug|Any CPU
		{156D7B09-112D-4CE5-B747-729374CDF29B}.Debug|Any CPU.Build.0 = Debug|Any CPU
		{156D7B09-112D-4CE5-B747-729374CDF29B}.Release|Any CPU.ActiveCfg = Release|Any CPU
		{156D7B09-112D-4CE5-B747-729374CDF29B}.Release|Any CPU.Build.0 = Release|Any CPU
	EndGlobalSection
	GlobalSection(SolutionProperties) = preSolution
		HideSolutionNode = FALSE
	EndGlobalSection
	GlobalSection(ExtensibilityGlobals) = postSolution
		SolutionGuid = {A4F2E379-0AC1-4102-AD91-F45456037E48}
	EndGlobalSection
EndGlobal
